
Microsoft Visual Studio Solution File, Format Version 12.00
# Visual Studio Version 16
VisualStudioVersion = 25.0.1700.0
MinimumVisualStudioVersion = 10.0.40219.1
Project("{FAE04EC0-301F-11D3-BF4B-00C04F79EFBC}") = "GroupProject", "GroupProject\GroupProject.csproj", "{AEA17D5E-34E0-4626-9F71-B0B84655560E}"
EndProject
Global
	GlobalSection(SolutionConfigurationPlatforms) = preSolution
		Debug|Any CPU = Debug|Any CPU
		Release|Any CPU = Release|Any CPU
	EndGlobalSection
	GlobalSection(ProjectConfigurationPlatforms) = postSolution
		{AEA17D5E-34E0-4626-9F71-B0B84655560E}.Debug|Any CPU.ActiveCfg = Debug|Any CPU
		{AEA17D5E-34E0-4626-9F71-B0B84655560E}.Debug|Any CPU.Build.0 = Debug|Any CPU
		{AEA17D5E-34E0-4626-9F71-B0B84655560E}.Release|Any CPU.ActiveCfg = Release|Any CPU
		{AEA17D5E-34E0-4626-9F71-B0B84655560E}.Release|Any CPU.Build.0 = Release|Any CPU
	EndGlobalSection
	GlobalSection(SolutionProperties) = preSolution
		HideSolutionNode = FALSE
	EndGlobalSection
	GlobalSection(ExtensibilityGlobals) = postSolution
		SolutionGuid = {28369792-3F47-4B16-ADF0-AE38A33B388A}
	EndGlobalSection
EndGlobal
